
Microsoft Visual Studio Solution File, Format Version 12.00
Project("{FAE04EC0-301F-11D3-BF4B-00C04F79EFBC}") = "Funcy.Console", "src\Funcy.Console\Funcy.Console.csproj", "{9D01FBBB-F7CA-45BB-958C-3B360040A2AE}"
EndProject
Project("{FAE04EC0-301F-11D3-BF4B-00C04F79EFBC}") = "Funcy.Infrastructure", "src\Funcy.Infrastructure\Funcy.Infrastructure.csproj", "{62A5AFAF-2734-4EB1-B826-4C587B492884}"
EndProject
Project("{FAE04EC0-301F-11D3-BF4B-00C04F79EFBC}") = "Funcy.Data", "src\Funcy.Data\Funcy.Data.csproj", "{8C1F9685-1836-4145-9B9F-8E9CA067F778}"
EndProject
Project("{FAE04EC0-301F-11D3-BF4B-00C04F79EFBC}") = "Funcy.Core", "Funcy.Core\Funcy.Core.csproj", "{EDB4C58D-E1F6-42F5-B0FB-0E86201A70A4}"
EndProject
Project("{FAE04EC0-301F-11D3-BF4B-00C04F79EFBC}") = "Funcy.Tests", "src\Funcy.Tests\Funcy.Tests.csproj", "{B3C1D2E4-F5A6-7890-BCDE-F01234567890}"
EndProject
Project("{FAE04EC0-301F-11D3-BF4B-00C04F79EFBC}") = "Funcy.Demo", "src\Funcy.Demo\Funcy.Demo.csproj", "{2D957CF4-5B97-4366-8D23-BFB3F07BE033}"
EndProject
Global
	GlobalSection(SolutionConfigurationPlatforms) = preSolution
		Debug|Any CPU = Debug|Any CPU
		Release|Any CPU = Release|Any CPU
	EndGlobalSection
	GlobalSection(ProjectConfigurationPlatforms) = postSolution
		{9D01FBBB-F7CA-45BB-958C-3B360040A2AE}.Debug|Any CPU.ActiveCfg = Debug|Any CPU
		{9D01FBBB-F7CA-45BB-958C-3B360040A2AE}.Debug|Any CPU.Build.0 = Debug|Any CPU
		{9D01FBBB-F7CA-45BB-958C-3B360040A2AE}.Release|Any CPU.ActiveCfg = Release|Any CPU
		{9D01FBBB-F7CA-45BB-958C-3B360040A2AE}.Release|Any CPU.Build.0 = Release|Any CPU
		{82F76F0A-B20B-4B5F-8AD7-C54FAB48BDA4}.Debug|Any CPU.ActiveCfg = Debug|Any CPU
		{82F76F0A-B20B-4B5F-8AD7-C54FAB48BDA4}.Debug|Any CPU.Build.0 = Debug|Any CPU
		{82F76F0A-B20B-4B5F-8AD7-C54FAB48BDA4}.Release|Any CPU.ActiveCfg = Release|Any CPU
		{82F76F0A-B20B-4B5F-8AD7-C54FAB48BDA4}.Release|Any CPU.Build.0 = Release|Any CPU
		{62A5AFAF-2734-4EB1-B826-4C587B492884}.Debug|Any CPU.ActiveCfg = Debug|Any CPU
		{62A5AFAF-2734-4EB1-B826-4C587B492884}.Debug|Any CPU.Build.0 = Debug|Any CPU
		{62A5AFAF-2734-4EB1-B826-4C587B492884}.Release|Any CPU.ActiveCfg = Release|Any CPU
		{62A5AFAF-2734-4EB1-B826-4C587B492884}.Release|Any CPU.Build.0 = Release|Any CPU
		{8C1F9685-1836-4145-9B9F-8E9CA067F778}.Debug|Any CPU.ActiveCfg = Debug|Any CPU
		{8C1F9685-1836-4145-9B9F-8E9CA067F778}.Debug|Any CPU.Build.0 = Debug|Any CPU
		{8C1F9685-1836-4145-9B9F-8E9CA067F778}.Release|Any CPU.ActiveCfg = Release|Any CPU
		{8C1F9685-1836-4145-9B9F-8E9CA067F778}.Release|Any CPU.Build.0 = Release|Any CPU
		{EDB4C58D-E1F6-42F5-B0FB-0E86201A70A4}.Debug|Any CPU.ActiveCfg = Debug|Any CPU
		{EDB4C58D-E1F6-42F5-B0FB-0E86201A70A4}.Debug|Any CPU.Build.0 = Debug|Any CPU
		{EDB4C58D-E1F6-42F5-B0FB-0E86201A70A4}.Release|Any CPU.ActiveCfg = Release|Any CPU
		{EDB4C58D-E1F6-42F5-B0FB-0E86201A70A4}.Release|Any CPU.Build.0 = Release|Any CPU
		{B3C1D2E4-F5A6-7890-BCDE-F01234567890}.Debug|Any CPU.ActiveCfg = Debug|Any CPU
		{B3C1D2E4-F5A6-7890-BCDE-F01234567890}.Debug|Any CPU.Build.0 = Debug|Any CPU
		{B3C1D2E4-F5A6-7890-BCDE-F01234567890}.Release|Any CPU.ActiveCfg = Release|Any CPU
		{B3C1D2E4-F5A6-7890-BCDE-F01234567890}.Release|Any CPU.Build.0 = Release|Any CPU
		{2D957CF4-5B97-4366-8D23-BFB3F07BE033}.Debug|Any CPU.ActiveCfg = Debug|Any CPU
		{2D957CF4-5B97-4366-8D23-BFB3F07BE033}.Debug|Any CPU.Build.0 = Debug|Any CPU
		{2D957CF4-5B97-4366-8D23-BFB3F07BE033}.Release|Any CPU.ActiveCfg = Release|Any CPU
		{2D957CF4-5B97-4366-8D23-BFB3F07BE033}.Release|Any CPU.Build.0 = Release|Any CPU
	EndGlobalSection
EndGlobal
